
Microsoft Visual Studio Solution File, Format Version 12.00
Project("{2150E333-8FDC-42A3-9474-1A3956D46DE8}") = "Services", "Services", "{F6021974-D264-41ED-88D2-73702E7EED38}"
EndProject
Project("{2150E333-8FDC-42A3-9474-1A3956D46DE8}") = "Catalog", "Catalog", "{0B9039B1-98FB-4D9E-B2E5-CB2327597D4B}"
EndProject
Project("{FAE04EC0-301F-11D3-BF4B-00C04F79EFBC}") = "Catalog.API", "Catalog\Catalog.API\Catalog.API.csproj", "{E13D5317-36AE-4B54-9E63-8C034DFDA830}"
EndProject
Project("{FAE04EC0-301F-11D3-BF4B-00C04F79EFBC}") = "Catalog.Core", "Catalog\Catalog.Core\Catalog.Core.csproj", "{B4B1C080-9B19-45F8-A9B1-C51C22D7DC59}"
EndProject
Project("{FAE04EC0-301F-11D3-BF4B-00C04F79EFBC}") = "Catalog.Application", "Catalog\Catalog.Application\Catalog.Application.csproj", "{4D21B469-5254-4DA0-84F5-3CEB4E3FE864}"
EndProject
Project("{FAE04EC0-301F-11D3-BF4B-00C04F79EFBC}") = "Catalog.Infrastructure", "Catalog\Catalog.Infrastructure\Catalog.Infrastructure.csproj", "{2C413403-C7A8-41C3-BEF8-D067D83664B0}"
EndProject
Project("{E53339B2-1760-4266-BCC7-CA923CBCF16C}") = "docker-compose", "docker-compose.dcproj", "{696BB678-F7FE-4AB8-99D0-B12CF129F5B1}"
EndProject
Project("{2150E333-8FDC-42A3-9474-1A3956D46DE8}") = "Basket", "Basket", "{82170730-90C2-4866-9A80-458E5D876274}"
EndProject
Project("{FAE04EC0-301F-11D3-BF4B-00C04F79EFBC}") = "Basket.Core", "Basket\Basket.Core\Basket.Core.csproj", "{C5DC36BC-A794-42FB-BF68-53E2D1095642}"
EndProject
Project("{FAE04EC0-301F-11D3-BF4B-00C04F79EFBC}") = "Basket.Application", "Basket\Basket.Application\Basket.Application.csproj", "{649C4210-DA6B-4E82-89AF-4C2C7959DEC6}"
EndProject
Project("{FAE04EC0-301F-11D3-BF4B-00C04F79EFBC}") = "Basket.Infrastructure", "Basket\Basket.Infrastructure\Basket.Infrastructure.csproj", "{2699CD65-BE91-4BDD-9B54-53A6BDD41677}"
EndProject
Project("{FAE04EC0-301F-11D3-BF4B-00C04F79EFBC}") = "Basket.API", "Basket\Basket.API\Basket.API.csproj", "{6D5732E6-803C-4787-AA5C-92B8F8F9A12B}"
EndProject
Project("{2150E333-8FDC-42A3-9474-1A3956D46DE8}") = "Discount", "Discount", "{3458E684-F4DD-49B5-97AC-C26720BC6A96}"
EndProject
Project("{FAE04EC0-301F-11D3-BF4B-00C04F79EFBC}") = "Discount.API", "Discount\Discount.API\Discount.API.csproj", "{6AC7C13F-72E8-4F74-8DC4-C90533227E88}"
EndProject
Project("{FAE04EC0-301F-11D3-BF4B-00C04F79EFBC}") = "Discount.Application", "Discount\Discount.Application\Discount.Application.csproj", "{FA1E0AFE-7442-47CA-9977-46DB6E72EC92}"
EndProject
Project("{FAE04EC0-301F-11D3-BF4B-00C04F79EFBC}") = "Discount.Core", "Discount\Discount.Core\Discount.Core.csproj", "{647683B6-6E53-42D1-8F3C-849EAA5FD07E}"
EndProject
Project("{FAE04EC0-301F-11D3-BF4B-00C04F79EFBC}") = "Discount.Infrastructure", "Discount\Discount.Infrastructure\Discount.Infrastructure.csproj", "{352FF7E7-0F87-47F6-AE04-92579A14490C}"
EndProject
Global
	GlobalSection(SolutionConfigurationPlatforms) = preSolution
		Debug|Any CPU = Debug|Any CPU
		Release|Any CPU = Release|Any CPU
	EndGlobalSection
	GlobalSection(NestedProjects) = preSolution
		{0B9039B1-98FB-4D9E-B2E5-CB2327597D4B} = {F6021974-D264-41ED-88D2-73702E7EED38}
		{E13D5317-36AE-4B54-9E63-8C034DFDA830} = {0B9039B1-98FB-4D9E-B2E5-CB2327597D4B}
		{B4B1C080-9B19-45F8-A9B1-C51C22D7DC59} = {0B9039B1-98FB-4D9E-B2E5-CB2327597D4B}
		{4D21B469-5254-4DA0-84F5-3CEB4E3FE864} = {0B9039B1-98FB-4D9E-B2E5-CB2327597D4B}
		{2C413403-C7A8-41C3-BEF8-D067D83664B0} = {0B9039B1-98FB-4D9E-B2E5-CB2327597D4B}
		{82170730-90C2-4866-9A80-458E5D876274} = {F6021974-D264-41ED-88D2-73702E7EED38}
		{C5DC36BC-A794-42FB-BF68-53E2D1095642} = {82170730-90C2-4866-9A80-458E5D876274}
		{649C4210-DA6B-4E82-89AF-4C2C7959DEC6} = {82170730-90C2-4866-9A80-458E5D876274}
		{2699CD65-BE91-4BDD-9B54-53A6BDD41677} = {82170730-90C2-4866-9A80-458E5D876274}
		{6D5732E6-803C-4787-AA5C-92B8F8F9A12B} = {82170730-90C2-4866-9A80-458E5D876274}
		{3458E684-F4DD-49B5-97AC-C26720BC6A96} = {F6021974-D264-41ED-88D2-73702E7EED38}
		{6AC7C13F-72E8-4F74-8DC4-C90533227E88} = {3458E684-F4DD-49B5-97AC-C26720BC6A96}
		{FA1E0AFE-7442-47CA-9977-46DB6E72EC92} = {3458E684-F4DD-49B5-97AC-C26720BC6A96}
		{647683B6-6E53-42D1-8F3C-849EAA5FD07E} = {3458E684-F4DD-49B5-97AC-C26720BC6A96}
		{352FF7E7-0F87-47F6-AE04-92579A14490C} = {3458E684-F4DD-49B5-97AC-C26720BC6A96}
	EndGlobalSection
	GlobalSection(ProjectConfigurationPlatforms) = postSolution
		{E13D5317-36AE-4B54-9E63-8C034DFDA830}.Debug|Any CPU.ActiveCfg = Debug|Any CPU
		{E13D5317-36AE-4B54-9E63-8C034DFDA830}.Debug|Any CPU.Build.0 = Debug|Any CPU
		{E13D5317-36AE-4B54-9E63-8C034DFDA830}.Release|Any CPU.ActiveCfg = Release|Any CPU
		{E13D5317-36AE-4B54-9E63-8C034DFDA830}.Release|Any CPU.Build.0 = Release|Any CPU
		{B4B1C080-9B19-45F8-A9B1-C51C22D7DC59}.Debug|Any CPU.ActiveCfg = Debug|Any CPU
		{B4B1C080-9B19-45F8-A9B1-C51C22D7DC59}.Debug|Any CPU.Build.0 = Debug|Any CPU
		{B4B1C080-9B19-45F8-A9B1-C51C22D7DC59}.Release|Any CPU.ActiveCfg = Release|Any CPU
		{B4B1C080-9B19-45F8-A9B1-C51C22D7DC59}.Release|Any CPU.Build.0 = Release|Any CPU
		{4D21B469-5254-4DA0-84F5-3CEB4E3FE864}.Debug|Any CPU.ActiveCfg = Debug|Any CPU
		{4D21B469-5254-4DA0-84F5-3CEB4E3FE864}.Debug|Any CPU.Build.0 = Debug|Any CPU
		{4D21B469-5254-4DA0-84F5-3CEB4E3FE864}.Release|Any CPU.ActiveCfg = Release|Any CPU
		{4D21B469-5254-4DA0-84F5-3CEB4E3FE864}.Release|Any CPU.Build.0 = Release|Any CPU
		{2C413403-C7A8-41C3-BEF8-D067D83664B0}.Debug|Any CPU.ActiveCfg = Debug|Any CPU
		{2C413403-C7A8-41C3-BEF8-D067D83664B0}.Debug|Any CPU.Build.0 = Debug|Any CPU
		{2C413403-C7A8-41C3-BEF8-D067D83664B0}.Release|Any CPU.ActiveCfg = Release|Any CPU
		{2C413403-C7A8-41C3-BEF8-D067D83664B0}.Release|Any CPU.Build.0 = Release|Any CPU
		{C5DC36BC-A794-42FB-BF68-53E2D1095642}.Debug|Any CPU.ActiveCfg = Debug|Any CPU
		{C5DC36BC-A794-42FB-BF68-53E2D1095642}.Debug|Any CPU.Build.0 = Debug|Any CPU
		{C5DC36BC-A794-42FB-BF68-53E2D1095642}.Release|Any CPU.ActiveCfg = Release|Any CPU
		{C5DC36BC-A794-42FB-BF68-53E2D1095642}.Release|Any CPU.Build.0 = Release|Any CPU
		{649C4210-DA6B-4E82-89AF-4C2C7959DEC6}.Debug|Any CPU.ActiveCfg = Debug|Any CPU
		{649C4210-DA6B-4E82-89AF-4C2C7959DEC6}.Debug|Any CPU.Build.0 = Debug|Any CPU
		{649C4210-DA6B-4E82-89AF-4C2C7959DEC6}.Release|Any CPU.ActiveCfg = Release|Any CPU
		{649C4210-DA6B-4E82-89AF-4C2C7959DEC6}.Release|Any CPU.Build.0 = Release|Any CPU
		{2699CD65-BE91-4BDD-9B54-53A6BDD41677}.Debug|Any CPU.ActiveCfg = Debug|Any CPU
		{2699CD65-BE91-4BDD-9B54-53A6BDD41677}.Debug|Any CPU.Build.0 = Debug|Any CPU
		{2699CD65-BE91-4BDD-9B54-53A6BDD41677}.Release|Any CPU.ActiveCfg = Release|Any CPU
		{2699CD65-BE91-4BDD-9B54-53A6BDD41677}.Release|Any CPU.Build.0 = Release|Any CPU
		{6D5732E6-803C-4787-AA5C-92B8F8F9A12B}.Debug|Any CPU.ActiveCfg = Debug|Any CPU
		{6D5732E6-803C-4787-AA5C-92B8F8F9A12B}.Debug|Any CPU.Build.0 = Debug|Any CPU
		{6D5732E6-803C-4787-AA5C-92B8F8F9A12B}.Release|Any CPU.ActiveCfg = Release|Any CPU
		{6D5732E6-803C-4787-AA5C-92B8F8F9A12B}.Release|Any CPU.Build.0 = Release|Any CPU
		{6AC7C13F-72E8-4F74-8DC4-C90533227E88}.Debug|Any CPU.ActiveCfg = Debug|Any CPU
		{6AC7C13F-72E8-4F74-8DC4-C90533227E88}.Debug|Any CPU.Build.0 = Debug|Any CPU
		{6AC7C13F-72E8-4F74-8DC4-C90533227E88}.Release|Any CPU.ActiveCfg = Release|Any CPU
		{6AC7C13F-72E8-4F74-8DC4-C90533227E88}.Release|Any CPU.Build.0 = Release|Any CPU
		{FA1E0AFE-7442-47CA-9977-46DB6E72EC92}.Debug|Any CPU.ActiveCfg = Debug|Any CPU
		{FA1E0AFE-7442-47CA-9977-46DB6E72EC92}.Debug|Any CPU.Build.0 = Debug|Any CPU
		{FA1E0AFE-7442-47CA-9977-46DB6E72EC92}.Release|Any CPU.ActiveCfg = Release|Any CPU
		{FA1E0AFE-7442-47CA-9977-46DB6E72EC92}.Release|Any CPU.Build.0 = Release|Any CPU
		{647683B6-6E53-42D1-8F3C-849EAA5FD07E}.Debug|Any CPU.ActiveCfg = Debug|Any CPU
		{647683B6-6E53-42D1-8F3C-849EAA5FD07E}.Debug|Any CPU.Build.0 = Debug|Any CPU
		{647683B6-6E53-42D1-8F3C-849EAA5FD07E}.Release|Any CPU.ActiveCfg = Release|Any CPU
		{647683B6-6E53-42D1-8F3C-849EAA5FD07E}.Release|Any CPU.Build.0 = Release|Any CPU
		{352FF7E7-0F87-47F6-AE04-92579A14490C}.Debug|Any CPU.ActiveCfg = Debug|Any CPU
		{352FF7E7-0F87-47F6-AE04-92579A14490C}.Debug|Any CPU.Build.0 = Debug|Any CPU
		{352FF7E7-0F87-47F6-AE04-92579A14490C}.Release|Any CPU.ActiveCfg = Release|Any CPU
		{352FF7E7-0F87-47F6-AE04-92579A14490C}.Release|Any CPU.Build.0 = Release|Any CPU
	EndGlobalSection
EndGlobal
